{
  "name": "node_python",
  "version": "1.0.0",
  "lockfileVersion": 1,
  "requires": true,
  "dependencies": {
    "eventemitter3": {
      "version": "2.0.3",
      "resolved": "https://registry.npmjs.org/eventemitter3/-/eventemitter3-2.0.3.tgz",
      "integrity": "sha1-teEHm1n7XhuidxwKmTvgYKWMmbo="
    },
    "native-promise-only": {
      "version": "0.8.1",
      "resolved": "https://registry.npmjs.org/native-promise-only/-/native-promise-only-0.8.1.tgz",
      "integrity": "sha1-IKMYwwy0X3H+et+/eyHJnBRy7xE="
    },
    "python-shell": {
      "version": "0.4.0",
      "resolved": "https://registry.npmjs.org/python-shell/-/python-shell-0.4.0.tgz",
      "integrity": "sha1-JZxUcNiFKSsi6QalewhfZRdS+VY="
    },
    "thread-sleep": {
      "version": "2.0.0",
      "resolved": "https://registry.npmjs.org/thread-sleep/-/thread-sleep-2.0.0.tgz",
      "integrity": "sha1-S8QAFwovb7UjI5cNxg4cnh5j8wE="
    },
    "threads": {
      "version": "0.10.0",
      "resolved": "https://registry.npmjs.org/threads/-/threads-0.10.0.tgz",
      "integrity": "sha512-SQlMt7Uz/Klb9p1iKvl9A809j3CSX/xiiwIl3+FUVmsCYVnyzvR19Pn8XDJKIi6aSM5EwK32i2oGAsx1FaQTVg==",
      "requires": {
        "eventemitter3": "2.0.3",
        "native-promise-only": "0.8.1"
      }
    }
  }
}
